
Microsoft Visual Studio Solution File, Format Version 12.00
# Visual Studio Version 17
VisualStudioVersion = 17.8.34511.84
MinimumVisualStudioVersion = 10.0.40219.1
Project("{9A19103F-16F7-4668-BE54-9A1E7A4F7556}") = "ZorkOnline", "ZorkOnline\ZorkOnline.csproj", "{58AF53BC-6E80-420D-9ED2-195357306C88}"
EndProject
Project("{9A19103F-16F7-4668-BE54-9A1E7A4F7556}") = "ZorkAPI", "ZorkAPI\ZorkAPI.csproj", "{B095493B-EC63-42EA-80CF-40039E973AC8}"
EndProject
Project("{9A19103F-16F7-4668-BE54-9A1E7A4F7556}") = "ZorkData", "ZorkData\ZorkData.csproj", "{52CAEBBD-6273-44DE-B06E-7825ACAE113C}"
EndProject
Global
	GlobalSection(SolutionConfigurationPlatforms) = preSolution
		Debug|Any CPU = Debug|Any CPU
		Release|Any CPU = Release|Any CPU
	EndGlobalSection
	GlobalSection(ProjectConfigurationPlatforms) = postSolution
		{58AF53BC-6E80-420D-9ED2-195357306C88}.Debug|Any CPU.ActiveCfg = Debug|Any CPU
		{58AF53BC-6E80-420D-9ED2-195357306C88}.Debug|Any CPU.Build.0 = Debug|Any CPU
		{58AF53BC-6E80-420D-9ED2-195357306C88}.Release|Any CPU.ActiveCfg = Release|Any CPU
		{58AF53BC-6E80-420D-9ED2-195357306C88}.Release|Any CPU.Build.0 = Release|Any CPU
		{B095493B-EC63-42EA-80CF-40039E973AC8}.Debug|Any CPU.ActiveCfg = Debug|Any CPU
		{B095493B-EC63-42EA-80CF-40039E973AC8}.Debug|Any CPU.Build.0 = Debug|Any CPU
		{B095493B-EC63-42EA-80CF-40039E973AC8}.Release|Any CPU.ActiveCfg = Release|Any CPU
		{B095493B-EC63-42EA-80CF-40039E973AC8}.Release|Any CPU.Build.0 = Release|Any CPU
		{52CAEBBD-6273-44DE-B06E-7825ACAE113C}.Debug|Any CPU.ActiveCfg = Debug|Any CPU
		{52CAEBBD-6273-44DE-B06E-7825ACAE113C}.Debug|Any CPU.Build.0 = Debug|Any CPU
		{52CAEBBD-6273-44DE-B06E-7825ACAE113C}.Release|Any CPU.ActiveCfg = Release|Any CPU
		{52CAEBBD-6273-44DE-B06E-7825ACAE113C}.Release|Any CPU.Build.0 = Release|Any CPU
	EndGlobalSection
	GlobalSection(SolutionProperties) = preSolution
		HideSolutionNode = FALSE
	EndGlobalSection
	GlobalSection(ExtensibilityGlobals) = postSolution
		SolutionGuid = {2D17F460-D11A-4982-ABFC-97A7EF366EE1}
	EndGlobalSection
EndGlobal
